
Microsoft Visual Studio Solution File, Format Version 12.00
# Visual Studio Version 17
VisualStudioVersion = 17.4.33205.214
MinimumVisualStudioVersion = 10.0.40219.1
Project("{2150E333-8FDC-42A3-9474-1A3956D46DE8}") = "01-WorldCup", "01-WorldCup", "{91967C37-8B41-4737-BAC2-AF94C2A08848}"
EndProject
Project("{9A19103F-16F7-4668-BE54-9A1E7A4F7556}") = "WorldCup", "01-World-Cup\WorldCup\WorldCup.csproj", "{7E97278D-C8DD-4F0C-BCA0-302A1818B58E}"
EndProject
Global
	GlobalSection(SolutionConfigurationPlatforms) = preSolution
		Debug|Any CPU = Debug|Any CPU
		Release|Any CPU = Release|Any CPU
	EndGlobalSection
	GlobalSection(ProjectConfigurationPlatforms) = postSolution
		{7E97278D-C8DD-4F0C-BCA0-302A1818B58E}.Debug|Any CPU.ActiveCfg = Debug|Any CPU
		{7E97278D-C8DD-4F0C-BCA0-302A1818B58E}.Debug|Any CPU.Build.0 = Debug|Any CPU
		{7E97278D-C8DD-4F0C-BCA0-302A1818B58E}.Release|Any CPU.ActiveCfg = Release|Any CPU
		{7E97278D-C8DD-4F0C-BCA0-302A1818B58E}.Release|Any CPU.Build.0 = Release|Any CPU
	EndGlobalSection
	GlobalSection(SolutionProperties) = preSolution
		HideSolutionNode = FALSE
	EndGlobalSection
	GlobalSection(NestedProjects) = preSolution
		{7E97278D-C8DD-4F0C-BCA0-302A1818B58E} = {91967C37-8B41-4737-BAC2-AF94C2A08848}
	EndGlobalSection
	GlobalSection(ExtensibilityGlobals) = postSolution
		SolutionGuid = {248BC261-99C2-4910-B5A8-643DA4BAF22D}
	EndGlobalSection
EndGlobal
